// !$*UTF8*$!
{
	archiveVersion = 1;
	classes = {
	};
	objectVersion = 51;
	objects = {

/* Begin PBXBuildFile section */
		0229C2EF24C968A40031FDE8 /* AppDelegate.swift in Sources */ = {isa = PBXBuildFile; fileRef = 0229C2EE24C968A40031FDE8 /* AppDelegate.swift */; };
		0229C2F324C968A40031FDE8 /* ViewController.swift in Sources */ = {isa = PBXBuildFile; fileRef = 0229C2F224C968A40031FDE8 /* ViewController.swift */; };
		0229C2F824C968A70031FDE8 /* Assets.xcassets in Resources */ = {isa = PBXBuildFile; fileRef = 0229C2F724C968A70031FDE8 /* Assets.xcassets */; };
		0229C2FB24C968A70031FDE8 /* LaunchScreen.storyboard in Resources */ = {isa = PBXBuildFile; fileRef = 0229C2F924C968A70031FDE8 /* LaunchScreen.storyboard */; };
		7A1853DC24CE7D0B00FE04E5 /* DBaseViewController.swift in Sources */ = {isa = PBXBuildFile; fileRef = 7A1853DB24CE7D0B00FE04E5 /* DBaseViewController.swift */; };
		7A1853DE24CE7D3800FE04E5 /* DNavigationController.swift in Sources */ = {isa = PBXBuildFile; fileRef = 7A1853DD24CE7D3800FE04E5 /* DNavigationController.swift */; };
		7A1853E024CE7D5600FE04E5 /* DTabBarController.swift in Sources */ = {isa = PBXBuildFile; fileRef = 7A1853DF24CE7D5600FE04E5 /* DTabBarController.swift */; };
		7A1853E224CE7D6B00FE04E5 /* DPageViewController.swift in Sources */ = {isa = PBXBuildFile; fileRef = 7A1853E124CE7D6B00FE04E5 /* DPageViewController.swift */; };
		7A1853E424CE7E2900FE04E5 /* Global.swift in Sources */ = {isa = PBXBuildFile; fileRef = 7A1853E324CE7E2900FE04E5 /* Global.swift */; };
		7A1853EE24CE7F5600FE04E5 /* UIBarButtonItemExtension.swift in Sources */ = {isa = PBXBuildFile; fileRef = 7A1853E524CE7F5300FE04E5 /* UIBarButtonItemExtension.swift */; };
		7A1853EF24CE7F5600FE04E5 /* UIViewExtension.swift in Sources */ = {isa = PBXBuildFile; fileRef = 7A1853E624CE7F5400FE04E5 /* UIViewExtension.swift */; };
		7A1853F024CE7F5600FE04E5 /* DispatchQueueExtension.swift in Sources */ = {isa = PBXBuildFile; fileRef = 7A1853E724CE7F5400FE04E5 /* DispatchQueueExtension.swift */; };
		7A1853F124CE7F5600FE04E5 /* ArrayExtensions.swift in Sources */ = {isa = PBXBuildFile; fileRef = 7A1853E824CE7F5500FE04E5 /* ArrayExtensions.swift */; };
		7A1853F224CE7F5600FE04E5 /* DictionaryExtension.swift in Sources */ = {isa = PBXBuildFile; fileRef = 7A1853E924CE7F5500FE04E5 /* DictionaryExtension.swift */; };
		7A1853F324CE7F5600FE04E5 /* StringExtension.swift in Sources */ = {isa = PBXBuildFile; fileRef = 7A1853EA24CE7F5500FE04E5 /* StringExtension.swift */; };
		7A1853F424CE7F5600FE04E5 /* UIImageExtensions.swift in Sources */ = {isa = PBXBuildFile; fileRef = 7A1853EB24CE7F5500FE04E5 /* UIImageExtensions.swift */; };
		7A1853F524CE7F5700FE04E5 /* UIDeviceExtension.swift in Sources */ = {isa = PBXBuildFile; fileRef = 7A1853EC24CE7F5600FE04E5 /* UIDeviceExtension.swift */; };
		7A1853F624CE7F5700FE04E5 /* UIColorExtension.swift in Sources */ = {isa = PBXBuildFile; fileRef = 7A1853ED24CE7F5600FE04E5 /* UIColorExtension.swift */; };
		948C92178180916EF421662E /* Pods_YYQ_Swift.framework in Frameworks */ = {isa = PBXBuildFile; fileRef = 55FB059F344353ECE1B14EF7 /* Pods_YYQ_Swift.framework */; };
/* End PBXBuildFile section */

/* Begin PBXFileReference section */
		0229C2EB24C968A40031FDE8 /* YYQ-Swift.app */ = {isa = PBXFileReference; explicitFileType = wrapper.application; includeInIndex = 0; path = "YYQ-Swift.app"; sourceTree = BUILT_PRODUCTS_DIR; };
		0229C2EE24C968A40031FDE8 /* AppDelegate.swift */ = {isa = PBXFileReference; lastKnownFileType = sourcecode.swift; path = AppDelegate.swift; sourceTree = "<group>"; };
		0229C2F224C968A40031FDE8 /* ViewController.swift */ = {isa = PBXFileReference; lastKnownFileType = sourcecode.swift; path = ViewController.swift; sourceTree = "<group>"; };
		0229C2F724C968A70031FDE8 /* Assets.xcassets */ = {isa = PBXFileReference; lastKnownFileType = folder.assetcatalog; path = Assets.xcassets; sourceTree = "<group>"; };
		0229C2FA24C968A70031FDE8 /* Base */ = {isa = PBXFileReference; lastKnownFileType = file.storyboard; name = Base; path = Base.lproj/LaunchScreen.storyboard; sourceTree = "<group>"; };
		0229C2FC24C968A70031FDE8 /* Info.plist */ = {isa = PBXFileReference; lastKnownFileType = text.plist.xml; path = Info.plist; sourceTree = "<group>"; };
		41D3C2C9E2662663BA92E305 /* Pods-YYQ-Swift.release.xcconfig */ = {isa = PBXFileReference; includeInIndex = 1; lastKnownFileType = text.xcconfig; name = "Pods-YYQ-Swift.release.xcconfig"; path = "Target Support Files/Pods-YYQ-Swift/Pods-YYQ-Swift.release.xcconfig"; sourceTree = "<group>"; };
		55FB059F344353ECE1B14EF7 /* Pods_YYQ_Swift.framework */ = {isa = PBXFileReference; explicitFileType = wrapper.framework; includeInIndex = 0; path = Pods_YYQ_Swift.framework; sourceTree = BUILT_PRODUCTS_DIR; };
		7A1853DB24CE7D0B00FE04E5 /* DBaseViewController.swift */ = {isa = PBXFileReference; lastKnownFileType = sourcecode.swift; path = DBaseViewController.swift; sourceTree = "<group>"; };
		7A1853DD24CE7D3800FE04E5 /* DNavigationController.swift */ = {isa = PBXFileReference; lastKnownFileType = sourcecode.swift; path = DNavigationController.swift; sourceTree = "<group>"; };
		7A1853DF24CE7D5600FE04E5 /* DTabBarController.swift */ = {isa = PBXFileReference; lastKnownFileType = sourcecode.swift; path = DTabBarController.swift; sourceTree = "<group>"; };
		7A1853E124CE7D6B00FE04E5 /* DPageViewController.swift */ = {isa = PBXFileReference; lastKnownFileType = sourcecode.swift; path = DPageViewController.swift; sourceTree = "<group>"; };
		7A1853E324CE7E2900FE04E5 /* Global.swift */ = {isa = PBXFileReference; lastKnownFileType = sourcecode.swift; path = Global.swift; sourceTree = "<group>"; };
		7A1853E524CE7F5300FE04E5 /* UIBarButtonItemExtension.swift */ = {isa = PBXFileReference; fileEncoding = 4; lastKnownFileType = sourcecode.swift; path = UIBarButtonItemExtension.swift; sourceTree = "<group>"; };
		7A1853E624CE7F5400FE04E5 /* UIViewExtension.swift */ = {isa = PBXFileReference; fileEncoding = 4; lastKnownFileType = sourcecode.swift; path = UIViewExtension.swift; sourceTree = "<group>"; };
		7A1853E724CE7F5400FE04E5 /* DispatchQueueExtension.swift */ = {isa = PBXFileReference; fileEncoding = 4; lastKnownFileType = sourcecode.swift; path = DispatchQueueExtension.swift; sourceTree = "<group>"; };
		7A1853E824CE7F5500FE04E5 /* ArrayExtensions.swift */ = {isa = PBXFileReference; fileEncoding = 4; lastKnownFileType = sourcecode.swift; path = ArrayExtensions.swift; sourceTree = "<group>"; };
		7A1853E924CE7F5500FE04E5 /* DictionaryExtension.swift */ = {isa = PBXFileReference; fileEncoding = 4; lastKnownFileType = sourcecode.swift; path = DictionaryExtension.swift; sourceTree = "<group>"; };
		7A1853EA24CE7F5500FE04E5 /* StringExtension.swift */ = {isa = PBXFileReference; fileEncoding = 4; lastKnownFileType = sourcecode.swift; path = StringExtension.swift; sourceTree = "<group>"; };
		7A1853EB24CE7F5500FE04E5 /* UIImageExtensions.swift */ = {isa = PBXFileReference; fileEncoding = 4; lastKnownFileType = sourcecode.swift; path = UIImageExtensions.swift; sourceTree = "<group>"; };
		7A1853EC24CE7F5600FE04E5 /* UIDeviceExtension.swift */ = {isa = PBXFileReference; fileEncoding = 4; lastKnownFileType = sourcecode.swift; path = UIDeviceExtension.swift; sourceTree = "<group>"; };
		7A1853ED24CE7F5600FE04E5 /* UIColorExtension.swift */ = {isa = PBXFileReference; fileEncoding = 4; lastKnownFileType = sourcecode.swift; path = UIColorExtension.swift; sourceTree = "<group>"; };
		AE08EB04A61AD638D8A00562 /* Pods-YYQ-Swift.debug.xcconfig */ = {isa = PBXFileReference; includeInIndex = 1; lastKnownFileType = text.xcconfig; name = "Pods-YYQ-Swift.debug.xcconfig"; path = "Target Support Files/Pods-YYQ-Swift/Pods-YYQ-Swift.debug.xcconfig"; sourceTree = "<group>"; };
/* End PBXFileReference section */

/* Begin PBXFrameworksBuildPhase section */
		0229C2E824C968A40031FDE8 /* Frameworks */ = {
			isa = PBXFrameworksBuildPhase;
			buildActionMask = 2147483647;
			files = (
				948C92178180916EF421662E /* Pods_YYQ_Swift.framework in Frameworks */,
			);
			runOnlyForDeploymentPostprocessing = 0;
		};
/* End PBXFrameworksBuildPhase section */

/* Begin PBXGroup section */
		0229C2E224C968A40031FDE8 = {
			isa = PBXGroup;
			children = (
				0229C2ED24C968A40031FDE8 /* YYQ-Swift */,
				0229C2EC24C968A40031FDE8 /* Products */,
				B5E06C7C823BE49F6E081D59 /* Pods */,
				50333806EE7177374B4739B2 /* Frameworks */,
			);
			sourceTree = "<group>";
		};
		0229C2EC24C968A40031FDE8 /* Products */ = {
			isa = PBXGroup;
			children = (
				0229C2EB24C968A40031FDE8 /* YYQ-Swift.app */,
			);
			name = Products;
			sourceTree = "<group>";
		};
		0229C2ED24C968A40031FDE8 /* YYQ-Swift */ = {
			isa = PBXGroup;
			children = (
				0229C2EE24C968A40031FDE8 /* AppDelegate.swift */,
				0229C2F224C968A40031FDE8 /* ViewController.swift */,
				7A1853D924CE751700FE04E5 /* Extension */,
				7A1853D824CE750F00FE04E5 /* Procedure */,
				7A1853D724CE750900FE04E5 /* Model */,
				7A1853D624CE74E700FE04E5 /* API */,
				0229C2F724C968A70031FDE8 /* Assets.xcassets */,
				0229C2F924C968A70031FDE8 /* LaunchScreen.storyboard */,
				0229C2FC24C968A70031FDE8 /* Info.plist */,
			);
			path = "YYQ-Swift";
			sourceTree = "<group>";
		};
		50333806EE7177374B4739B2 /* Frameworks */ = {
			isa = PBXGroup;
			children = (
				55FB059F344353ECE1B14EF7 /* Pods_YYQ_Swift.framework */,
			);
			name = Frameworks;
			sourceTree = "<group>";
		};
		7A1853D624CE74E700FE04E5 /* API */ = {
			isa = PBXGroup;
			children = (
			);
			path = API;
			sourceTree = "<group>";
		};
		7A1853D724CE750900FE04E5 /* Model */ = {
			isa = PBXGroup;
			children = (
			);
			path = Model;
			sourceTree = "<group>";
		};
		7A1853D824CE750F00FE04E5 /* Procedure */ = {
			isa = PBXGroup;
			children = (
				7AF879C624CEB99500B0D591 /* Home */,
				7AF879C524CEB98C00B0D591 /* Book */,
				7AF879C424CEB97E00B0D591 /* Comic */,
				7AF879C324CEB97500B0D591 /* Search */,
				7AF879C224CEB96000B0D591 /* Cate */,
				7AF879C124CEB95500B0D591 /* Mine */,
				7A1853DA24CE799D00FE04E5 /* Base */,
				7A1853E324CE7E2900FE04E5 /* Global.swift */,
			);
			path = Procedure;
			sourceTree = "<group>";
		};
		7A1853D924CE751700FE04E5 /* Extension */ = {
			isa = PBXGroup;
			children = (
				7A1853E824CE7F5500FE04E5 /* ArrayExtensions.swift */,
				7A1853E924CE7F5500FE04E5 /* DictionaryExtension.swift */,
				7A1853E724CE7F5400FE04E5 /* DispatchQueueExtension.swift */,
				7A1853EA24CE7F5500FE04E5 /* StringExtension.swift */,
				7A1853E524CE7F5300FE04E5 /* UIBarButtonItemExtension.swift */,
				7A1853ED24CE7F5600FE04E5 /* UIColorExtension.swift */,
				7A1853EC24CE7F5600FE04E5 /* UIDeviceExtension.swift */,
				7A1853EB24CE7F5500FE04E5 /* UIImageExtensions.swift */,
				7A1853E624CE7F5400FE04E5 /* UIViewExtension.swift */,
			);
			path = Extension;
			sourceTree = "<group>";
		};
		7A1853DA24CE799D00FE04E5 /* Base */ = {
			isa = PBXGroup;
			children = (
				7A1853DB24CE7D0B00FE04E5 /* DBaseViewController.swift */,
				7A1853DD24CE7D3800FE04E5 /* DNavigationController.swift */,
				7A1853DF24CE7D5600FE04E5 /* DTabBarController.swift */,
				7A1853E124CE7D6B00FE04E5 /* DPageViewController.swift */,
			);
			path = Base;
			sourceTree = "<group>";
		};
		7AF879C124CEB95500B0D591 /* Mine */ = {
			isa = PBXGroup;
			children = (
			);
			path = Mine;
			sourceTree = "<group>";
		};
		7AF879C224CEB96000B0D591 /* Cate */ = {
			isa = PBXGroup;
			children = (
			);
			name = Cate;
			path = "New Group1";
			sourceTree = "<group>";
		};
		7AF879C324CEB97500B0D591 /* Search */ = {
			isa = PBXGroup;
			children = (
			);
			name = Search;
			path = "New Group1";
			sourceTree = "<group>";
		};
		7AF879C424CEB97E00B0D591 /* Comic */ = {
			isa = PBXGroup;
			children = (
			);
			path = Comic;
			sourceTree = "<group>";
		};
		7AF879C524CEB98C00B0D591 /* Book */ = {
			isa = PBXGroup;
			children = (
			);
			path = Book;
			sourceTree = "<group>";
		};
		7AF879C624CEB99500B0D591 /* Home */ = {
			isa = PBXGroup;
			children = (
			);
			path = Home;
			sourceTree = "<group>";
		};
		B5E06C7C823BE49F6E081D59 /* Pods */ = {
			isa = PBXGroup;
			children = (
				AE08EB04A61AD638D8A00562 /* Pods-YYQ-Swift.debug.xcconfig */,
				41D3C2C9E2662663BA92E305 /* Pods-YYQ-Swift.release.xcconfig */,
			);
			path = Pods;
			sourceTree = "<group>";
		};
/* End PBXGroup section */

/* Begin PBXNativeTarget section */
		0229C2EA24C968A40031FDE8 /* YYQ-Swift */ = {
			isa = PBXNativeTarget;
			buildConfigurationList = 0229C2FF24C968A70031FDE8 /* Build configuration list for PBXNativeTarget "YYQ-Swift" */;
			buildPhases = (
				305E3293D34A97A63536D10E /* [CP] Check Pods Manifest.lock */,
				0229C2E724C968A40031FDE8 /* Sources */,
				0229C2E824C968A40031FDE8 /* Frameworks */,
				0229C2E924C968A40031FDE8 /* Resources */,
				9738FBEE9170F8E050ABEC81 /* [CP] Embed Pods Frameworks */,
			);
			buildRules = (
			);
			dependencies = (
			);
			name = "YYQ-Swift";
			productName = "YYQ-Swift";
			productReference = 0229C2EB24C968A40031FDE8 /* YYQ-Swift.app */;
			productType = "com.apple.product-type.application";
		};
/* End PBXNativeTarget section */

/* Begin PBXProject section */
		0229C2E324C968A40031FDE8 /* Project object */ = {
			isa = PBXProject;
			attributes = {
				LastSwiftUpdateCheck = 1160;
				LastUpgradeCheck = 1160;
				ORGANIZATIONNAME = dkq;
				TargetAttributes = {
					0229C2EA24C968A40031FDE8 = {
						CreatedOnToolsVersion = 11.6;
					};
				};
			};
			buildConfigurationList = 0229C2E624C968A40031FDE8 /* Build configuration list for PBXProject "YYQ-Swift" */;
			compatibilityVersion = "Xcode 9.3";
			developmentRegion = en;
			hasScannedForEncodings = 0;
			knownRegions = (
				en,
				Base,
			);
			mainGroup = 0229C2E224C968A40031FDE8;
			productRefGroup = 0229C2EC24C968A40031FDE8 /* Products */;
			projectDirPath = "";
			projectRoot = "";
			targets = (
				0229C2EA24C968A40031FDE8 /* YYQ-Swift */,
			);
		};
/* End PBXProject section */

/* Begin PBXResourcesBuildPhase section */
		0229C2E924C968A40031FDE8 /* Resources */ = {
			isa = PBXResourcesBuildPhase;
			buildActionMask = 2147483647;
			files = (
				0229C2FB24C968A70031FDE8 /* LaunchScreen.storyboard in Resources */,
				0229C2F824C968A70031FDE8 /* Assets.xcassets in Resources */,
			);
			runOnlyForDeploymentPostprocessing = 0;
		};
/* End PBXResourcesBuildPhase section */

/* Begin PBXShellScriptBuildPhase section */
		305E3293D34A97A63536D10E /* [CP] Check Pods Manifest.lock */ = {
			isa = PBXShellScriptBuildPhase;
			buildActionMask = 2147483647;
			files = (
			);
			inputFileListPaths = (
			);
			inputPaths = (
				"${PODS_PODFILE_DIR_PATH}/Podfile.lock",
				"${PODS_ROOT}/Manifest.lock",
			);
			name = "[CP] Check Pods Manifest.lock";
			outputFileListPaths = (
			);
			outputPaths = (
				"$(DERIVED_FILE_DIR)/Pods-YYQ-Swift-checkManifestLockResult.txt",
			);
			runOnlyForDeploymentPostprocessing = 0;
			shellPath = /bin/sh;
			shellScript = "diff \"${PODS_PODFILE_DIR_PATH}/Podfile.lock\" \"${PODS_ROOT}/Manifest.lock\" > /dev/null\nif [ $? != 0 ] ; then\n    # print error to STDERR\n    echo \"error: The sandbox is not in sync with the Podfile.lock. Run 'pod install' or update your CocoaPods installation.\" >&2\n    exit 1\nfi\n# This output is used by Xcode 'outputs' to avoid re-running this script phase.\necho \"SUCCESS\" > \"${SCRIPT_OUTPUT_FILE_0}\"\n";
			showEnvVarsInLog = 0;
		};
		9738FBEE9170F8E050ABEC81 /* [CP] Embed Pods Frameworks */ = {
			isa = PBXShellScriptBuildPhase;
			buildActionMask = 2147483647;
			files = (
			);
			inputFileListPaths = (
				"${PODS_ROOT}/Target Support Files/Pods-YYQ-Swift/Pods-YYQ-Swift-frameworks-${CONFIGURATION}-input-files.xcfilelist",
			);
			name = "[CP] Embed Pods Frameworks";
			outputFileListPaths = (
				"${PODS_ROOT}/Target Support Files/Pods-YYQ-Swift/Pods-YYQ-Swift-frameworks-${CONFIGURATION}-output-files.xcfilelist",
			);
			runOnlyForDeploymentPostprocessing = 0;
			shellPath = /bin/sh;
			shellScript = "\"${PODS_ROOT}/Target Support Files/Pods-YYQ-Swift/Pods-YYQ-Swift-frameworks.sh\"\n";
			showEnvVarsInLog = 0;
		};
/* End PBXShellScriptBuildPhase section */

/* Begin PBXSourcesBuildPhase section */
		0229C2E724C968A40031FDE8 /* Sources */ = {
			isa = PBXSourcesBuildPhase;
			buildActionMask = 2147483647;
			files = (
				7A1853F524CE7F5700FE04E5 /* UIDeviceExtension.swift in Sources */,
				0229C2F324C968A40031FDE8 /* ViewController.swift in Sources */,
				0229C2EF24C968A40031FDE8 /* AppDelegate.swift in Sources */,
				7A1853DE24CE7D3800FE04E5 /* DNavigationController.swift in Sources */,
				7A1853F224CE7F5600FE04E5 /* DictionaryExtension.swift in Sources */,
				7A1853DC24CE7D0B00FE04E5 /* DBaseViewController.swift in Sources */,
				7A1853EE24CE7F5600FE04E5 /* UIBarButtonItemExtension.swift in Sources */,
				7A1853F124CE7F5600FE04E5 /* ArrayExtensions.swift in Sources */,
				7A1853E224CE7D6B00FE04E5 /* DPageViewController.swift in Sources */,
				7A1853EF24CE7F5600FE04E5 /* UIViewExtension.swift in Sources */,
				7A1853F424CE7F5600FE04E5 /* UIImageExtensions.swift in Sources */,
				7A1853F624CE7F5700FE04E5 /* UIColorExtension.swift in Sources */,
				7A1853F024CE7F5600FE04E5 /* DispatchQueueExtension.swift in Sources */,
				7A1853E024CE7D5600FE04E5 /* DTabBarController.swift in Sources */,
				7A1853F324CE7F5600FE04E5 /* StringExtension.swift in Sources */,
				7A1853E424CE7E2900FE04E5 /* Global.swift in Sources */,
			);
			runOnlyForDeploymentPostprocessing = 0;
		};
/* End PBXSourcesBuildPhase section */

/* Begin PBXVariantGroup section */
		0229C2F924C968A70031FDE8 /* LaunchScreen.storyboard */ = {
			isa = PBXVariantGroup;
			children = (
				0229C2FA24C968A70031FDE8 /* Base */,
			);
			name = LaunchScreen.storyboard;
			sourceTree = "<group>";
		};
/* End PBXVariantGroup section */

/* Begin XCBuildConfiguration section */
		0229C2FD24C968A70031FDE8 /* Debug */ = {
			isa = XCBuildConfiguration;
			buildSettings = {
				ALWAYS_SEARCH_USER_PATHS = NO;
				CLANG_ANALYZER_NONNULL = YES;
				CLANG_ANALYZER_NUMBER_OBJECT_CONVERSION = YES_AGGRESSIVE;
				CLANG_CXX_LANGUAGE_STANDARD = "gnu++14";
				CLANG_CXX_LIBRARY = "libc++";
				CLANG_ENABLE_MODULES = YES;
				CLANG_ENABLE_OBJC_ARC = YES;
				CLANG_ENABLE_OBJC_WEAK = YES;
				CLANG_WARN_BLOCK_CAPTURE_AUTORELEASING = YES;
				CLANG_WARN_BOOL_CONVERSION = YES;
				CLANG_WARN_COMMA = YES;
				CLANG_WARN_CONSTANT_CONVERSION = YES;
				CLANG_WARN_DEPRECATED_OBJC_IMPLEMENTATIONS = YES;
				CLANG_WARN_DIRECT_OBJC_ISA_USAGE = YES_ERROR;
				CLANG_WARN_DOCUMENTATION_COMMENTS = YES;
				CLANG_WARN_EMPTY_BODY = YES;
				CLANG_WARN_ENUM_CONVERSION = YES;
				CLANG_WARN_INFINITE_RECURSION = YES;
				CLANG_WARN_INT_CONVERSION = YES;
				CLANG_WARN_NON_LITERAL_NULL_CONVERSION = YES;
				CLANG_WARN_OBJC_IMPLICIT_RETAIN_SELF = YES;
				CLANG_WARN_OBJC_LITERAL_CONVERSION = YES;
				CLANG_WARN_OBJC_ROOT_CLASS = YES_ERROR;
				CLANG_WARN_RANGE_LOOP_ANALYSIS = YES;
				CLANG_WARN_STRICT_PROTOTYPES = YES;
				CLANG_WARN_SUSPICIOUS_MOVE = YES;
				CLANG_WARN_UNGUARDED_AVAILABILITY = YES_AGGRESSIVE;
				CLANG_WARN_UNREACHABLE_CODE = YES;
				CLANG_WARN__DUPLICATE_METHOD_MATCH = YES;
				COPY_PHASE_STRIP = NO;
				DEBUG_INFORMATION_FORMAT = dwarf;
				ENABLE_STRICT_OBJC_MSGSEND = YES;
				ENABLE_TESTABILITY = YES;
				GCC_C_LANGUAGE_STANDARD = gnu11;
				GCC_DYNAMIC_NO_PIC = NO;
				GCC_NO_COMMON_BLOCKS = YES;
				GCC_OPTIMIZATION_LEVEL = 0;
				GCC_PREPROCESSOR_DEFINITIONS = (
					"DEBUG=1",
					"$(inherited)",
				);
				GCC_WARN_64_TO_32_BIT_CONVERSION = YES;
				GCC_WARN_ABOUT_RETURN_TYPE = YES_ERROR;
				GCC_WARN_UNDECLARED_SELECTOR = YES;
				GCC_WARN_UNINITIALIZED_AUTOS = YES_AGGRESSIVE;
				GCC_WARN_UNUSED_FUNCTION = YES;
				GCC_WARN_UNUSED_VARIABLE = YES;
				IPHONEOS_DEPLOYMENT_TARGET = 13.6;
				MTL_ENABLE_DEBUG_INFO = INCLUDE_SOURCE;
				MTL_FAST_MATH = YES;
				ONLY_ACTIVE_ARCH = YES;
				SDKROOT = iphoneos;
				SWIFT_ACTIVE_COMPILATION_CONDITIONS = DEBUG;
				SWIFT_OPTIMIZATION_LEVEL = "-Onone";
			};
			name = Debug;
		};
		0229C2FE24C968A70031FDE8 /* Release */ = {
			isa = XCBuildConfiguration;
			buildSettings = {
				ALWAYS_SEARCH_USER_PATHS = NO;
				CLANG_ANALYZER_NONNULL = YES;
				CLANG_ANALYZER_NUMBER_OBJECT_CONVERSION = YES_AGGRESSIVE;
				CLANG_CXX_LANGUAGE_STANDARD = "gnu++14";
				CLANG_CXX_LIBRARY = "libc++";
				CLANG_ENABLE_MODULES = YES;
				CLANG_ENABLE_OBJC_ARC = YES;
				CLANG_ENABLE_OBJC_WEAK = YES;
				CLANG_WARN_BLOCK_CAPTURE_AUTORELEASING = YES;
				CLANG_WARN_BOOL_CONVERSION = YES;
				CLANG_WARN_COMMA = YES;
				CLANG_WARN_CONSTANT_CONVERSION = YES;
				CLANG_WARN_DEPRECATED_OBJC_IMPLEMENTATIONS = YES;
				CLANG_WARN_DIRECT_OBJC_ISA_USAGE = YES_ERROR;
				CLANG_WARN_DOCUMENTATION_COMMENTS = YES;
				CLANG_WARN_EMPTY_BODY = YES;
				CLANG_WARN_ENUM_CONVERSION = YES;
				CLANG_WARN_INFINITE_RECURSION = YES;
				CLANG_WARN_INT_CONVERSION = YES;
				CLANG_WARN_NON_LITERAL_NULL_CONVERSION = YES;
				CLANG_WARN_OBJC_IMPLICIT_RETAIN_SELF = YES;
				CLANG_WARN_OBJC_LITERAL_CONVERSION = YES;
				CLANG_WARN_OBJC_ROOT_CLASS = YES_ERROR;
				CLANG_WARN_RANGE_LOOP_ANALYSIS = YES;
				CLANG_WARN_STRICT_PROTOTYPES = YES;
				CLANG_WARN_SUSPICIOUS_MOVE = YES;
				CLANG_WARN_UNGUARDED_AVAILABILITY = YES_AGGRESSIVE;
				CLANG_WARN_UNREACHABLE_CODE = YES;
				CLANG_WARN__DUPLICATE_METHOD_MATCH = YES;
				COPY_PHASE_STRIP = NO;
				DEBUG_INFORMATION_FORMAT = "dwarf-with-dsym";
				ENABLE_NS_ASSERTIONS = NO;
				ENABLE_STRICT_OBJC_MSGSEND = YES;
				GCC_C_LANGUAGE_STANDARD = gnu11;
				GCC_NO_COMMON_BLOCKS = YES;
				GCC_WARN_64_TO_32_BIT_CONVERSION = YES;
				GCC_WARN_ABOUT_RETURN_TYPE = YES_ERROR;
				GCC_WARN_UNDECLARED_SELECTOR = YES;
				GCC_WARN_UNINITIALIZED_AUTOS = YES_AGGRESSIVE;
				GCC_WARN_UNUSED_FUNCTION = YES;
				GCC_WARN_UNUSED_VARIABLE = YES;
				IPHONEOS_DEPLOYMENT_TARGET = 13.6;
				MTL_ENABLE_DEBUG_INFO = NO;
				MTL_FAST_MATH = YES;
				SDKROOT = iphoneos;
				SWIFT_COMPILATION_MODE = wholemodule;
				SWIFT_OPTIMIZATION_LEVEL = "-O";
				VALIDATE_PRODUCT = YES;
			};
			name = Release;
		};
		0229C30024C968A70031FDE8 /* Debug */ = {
			isa = XCBuildConfiguration;
			baseConfigurationReference = AE08EB04A61AD638D8A00562 /* Pods-YYQ-Swift.debug.xcconfig */;
			buildSettings = {
				ASSETCATALOG_COMPILER_APPICON_NAME = AppIcon;
				CODE_SIGN_STYLE = Automatic;
				DEVELOPMENT_TEAM = ERJ2772GUU;
				INFOPLIST_FILE = "YYQ-Swift/Info.plist";
				IPHONEOS_DEPLOYMENT_TARGET = 12.0;
				LD_RUNPATH_SEARCH_PATHS = (
					"$(inherited)",
					"@executable_path/Frameworks",
				);
				PRODUCT_BUNDLE_IDENTIFIER = "dkq.YYQ-Swift";
				PRODUCT_NAME = "$(TARGET_NAME)";
				SWIFT_VERSION = 5.0;
				TARGETED_DEVICE_FAMILY = 1;
			};
			name = Debug;
		};
		0229C30124C968A70031FDE8 /* Release */ = {
			isa = XCBuildConfiguration;
			baseConfigurationReference = 41D3C2C9E2662663BA92E305 /* Pods-YYQ-Swift.release.xcconfig */;
			buildSettings = {
				ASSETCATALOG_COMPILER_APPICON_NAME = AppIcon;
				CODE_SIGN_STYLE = Automatic;
				DEVELOPMENT_TEAM = ERJ2772GUU;
				INFOPLIST_FILE = "YYQ-Swift/Info.plist";
				IPHONEOS_DEPLOYMENT_TARGET = 12.0;
				LD_RUNPATH_SEARCH_PATHS = (
					"$(inherited)",
					"@executable_path/Frameworks",
				);
				PRODUCT_BUNDLE_IDENTIFIER = "dkq.YYQ-Swift";
				PRODUCT_NAME = "$(TARGET_NAME)";
				SWIFT_VERSION = 5.0;
				TARGETED_DEVICE_FAMILY = 1;
			};
			name = Release;
		};
/* End XCBuildConfiguration section */

/* Begin XCConfigurationList section */
		0229C2E624C968A40031FDE8 /* Build configuration list for PBXProject "YYQ-Swift" */ = {
			isa = XCConfigurationList;
			buildConfigurations = (
				0229C2FD24C968A70031FDE8 /* Debug */,
				0229C2FE24C968A70031FDE8 /* Release */,
			);
			defaultConfigurationIsVisible = 0;
			defaultConfigurationName = Release;
		};
		0229C2FF24C968A70031FDE8 /* Build configuration list for PBXNativeTarget "YYQ-Swift" */ = {
			isa = XCConfigurationList;
			buildConfigurations = (
				0229C30024C968A70031FDE8 /* Debug */,
				0229C30124C968A70031FDE8 /* Release */,
			);
			defaultConfigurationIsVisible = 0;
			defaultConfigurationName = Release;
		};
/* End XCConfigurationList section */
	};
	rootObject = 0229C2E324C968A40031FDE8 /* Project object */;
}
